
Microsoft Visual Studio Solution File, Format Version 12.00
# Visual Studio 2013
VisualStudioVersion = 12.0.40629.0
MinimumVisualStudioVersion = 10.0.40219.1
Project("{FAE04EC0-301F-11D3-BF4B-00C04F79EFBC}") = "FloorPlan", "FloorPlan\FloorPlan.csproj", "{4F4CBAC2-8FA6-497C-BA4E-5C423718BF09}"
EndProject
Project("{FAE04EC0-301F-11D3-BF4B-00C04F79EFBC}") = "IPVRTourService", "IPVRTourService\IPVRTourService.csproj", "{CD07C6CF-916C-47BE-8FCE-FCFB59588592}"
EndProject
Project("{2150E333-8FDC-42A3-9474-1A3956D46DE8}") = "InternalWeb", "InternalWeb", "{64D2004B-0EEE-4A6E-8A4A-96658434BB52}"
EndProject
Project("{2150E333-8FDC-42A3-9474-1A3956D46DE8}") = "Common", "Common", "{E36E4BEF-D5EC-4537-863A-5F8478B06164}"
EndProject
Project("{2150E333-8FDC-42A3-9474-1A3956D46DE8}") = "DB", "DB", "{8C967540-0FFC-4FFA-B518-DD0A2574667D}"
EndProject
Project("{FAE04EC0-301F-11D3-BF4B-00C04F79EFBC}") = "Contracts", "Contracts\Contracts.csproj", "{C94B776B-AA22-4571-B704-E4CDB9203C0E}"
EndProject
Project("{00D1A9C2-B5F0-4AF3-8072-F6C62B433612}") = "DB.IPVRTour", "IPVRTour.DB\DB.IPVRTour.sqlproj", "{2D06CDFB-BE73-4364-8222-744D1E0F790C}"
EndProject
Project("{2150E333-8FDC-42A3-9474-1A3956D46DE8}") = "PhoneApp", "PhoneApp", "{E5C566A8-6DC5-452B-AF47-A32C80A7FCF6}"
EndProject
Project("{FAE04EC0-301F-11D3-BF4B-00C04F79EFBC}") = "ServiceImplementations", "ServiceImplementations\ServiceImplementations.csproj", "{27BDAD6A-74F0-448D-9E56-556FA94AAB83}"
EndProject
Project("{FAE04EC0-301F-11D3-BF4B-00C04F79EFBC}") = "DB.DataAccess", "DB.DataAccess\DB.DataAccess.csproj", "{E137CD7E-47B9-48E6-9DA9-5A43F1B9E1AD}"
EndProject
Global
	GlobalSection(SolutionConfigurationPlatforms) = preSolution
		Debug|Any CPU = Debug|Any CPU
		Release|Any CPU = Release|Any CPU
	EndGlobalSection
	GlobalSection(ProjectConfigurationPlatforms) = postSolution
		{4F4CBAC2-8FA6-497C-BA4E-5C423718BF09}.Debug|Any CPU.ActiveCfg = Debug|Any CPU
		{4F4CBAC2-8FA6-497C-BA4E-5C423718BF09}.Debug|Any CPU.Build.0 = Debug|Any CPU
		{4F4CBAC2-8FA6-497C-BA4E-5C423718BF09}.Release|Any CPU.ActiveCfg = Release|Any CPU
		{4F4CBAC2-8FA6-497C-BA4E-5C423718BF09}.Release|Any CPU.Build.0 = Release|Any CPU
		{CD07C6CF-916C-47BE-8FCE-FCFB59588592}.Debug|Any CPU.ActiveCfg = Debug|Any CPU
		{CD07C6CF-916C-47BE-8FCE-FCFB59588592}.Debug|Any CPU.Build.0 = Debug|Any CPU
		{CD07C6CF-916C-47BE-8FCE-FCFB59588592}.Release|Any CPU.ActiveCfg = Release|Any CPU
		{CD07C6CF-916C-47BE-8FCE-FCFB59588592}.Release|Any CPU.Build.0 = Release|Any CPU
		{C94B776B-AA22-4571-B704-E4CDB9203C0E}.Debug|Any CPU.ActiveCfg = Debug|Any CPU
		{C94B776B-AA22-4571-B704-E4CDB9203C0E}.Debug|Any CPU.Build.0 = Debug|Any CPU
		{C94B776B-AA22-4571-B704-E4CDB9203C0E}.Release|Any CPU.ActiveCfg = Release|Any CPU
		{C94B776B-AA22-4571-B704-E4CDB9203C0E}.Release|Any CPU.Build.0 = Release|Any CPU
		{2D06CDFB-BE73-4364-8222-744D1E0F790C}.Debug|Any CPU.ActiveCfg = Debug|Any CPU
		{2D06CDFB-BE73-4364-8222-744D1E0F790C}.Debug|Any CPU.Build.0 = Debug|Any CPU
		{2D06CDFB-BE73-4364-8222-744D1E0F790C}.Debug|Any CPU.Deploy.0 = Debug|Any CPU
		{2D06CDFB-BE73-4364-8222-744D1E0F790C}.Release|Any CPU.ActiveCfg = Release|Any CPU
		{2D06CDFB-BE73-4364-8222-744D1E0F790C}.Release|Any CPU.Build.0 = Release|Any CPU
		{2D06CDFB-BE73-4364-8222-744D1E0F790C}.Release|Any CPU.Deploy.0 = Release|Any CPU
		{27BDAD6A-74F0-448D-9E56-556FA94AAB83}.Debug|Any CPU.ActiveCfg = Debug|Any CPU
		{27BDAD6A-74F0-448D-9E56-556FA94AAB83}.Debug|Any CPU.Build.0 = Debug|Any CPU
		{27BDAD6A-74F0-448D-9E56-556FA94AAB83}.Release|Any CPU.ActiveCfg = Release|Any CPU
		{27BDAD6A-74F0-448D-9E56-556FA94AAB83}.Release|Any CPU.Build.0 = Release|Any CPU
		{E137CD7E-47B9-48E6-9DA9-5A43F1B9E1AD}.Debug|Any CPU.ActiveCfg = Debug|Any CPU
		{E137CD7E-47B9-48E6-9DA9-5A43F1B9E1AD}.Debug|Any CPU.Build.0 = Debug|Any CPU
		{E137CD7E-47B9-48E6-9DA9-5A43F1B9E1AD}.Release|Any CPU.ActiveCfg = Release|Any CPU
		{E137CD7E-47B9-48E6-9DA9-5A43F1B9E1AD}.Release|Any CPU.Build.0 = Release|Any CPU
	EndGlobalSection
	GlobalSection(SolutionProperties) = preSolution
		HideSolutionNode = FALSE
	EndGlobalSection
	GlobalSection(NestedProjects) = preSolution
		{4F4CBAC2-8FA6-497C-BA4E-5C423718BF09} = {64D2004B-0EEE-4A6E-8A4A-96658434BB52}
		{CD07C6CF-916C-47BE-8FCE-FCFB59588592} = {64D2004B-0EEE-4A6E-8A4A-96658434BB52}
		{C94B776B-AA22-4571-B704-E4CDB9203C0E} = {E36E4BEF-D5EC-4537-863A-5F8478B06164}
		{2D06CDFB-BE73-4364-8222-744D1E0F790C} = {8C967540-0FFC-4FFA-B518-DD0A2574667D}
		{27BDAD6A-74F0-448D-9E56-556FA94AAB83} = {64D2004B-0EEE-4A6E-8A4A-96658434BB52}
		{E137CD7E-47B9-48E6-9DA9-5A43F1B9E1AD} = {8C967540-0FFC-4FFA-B518-DD0A2574667D}
	EndGlobalSection
EndGlobal
